
Microsoft Visual Studio Solution File, Format Version 12.00
# Visual Studio Version 17
VisualStudioVersion = 17.1.32414.318
MinimumVisualStudioVersion = 10.0.40219.1
Project("{FAE04EC0-301F-11D3-BF4B-00C04F79EFBC}") = "IpInfo", "IpInfo\IpInfo.csproj", "{DD7A4A2C-4964-486E-953F-3B5609530A77}"
EndProject
Global
	GlobalSection(SolutionConfigurationPlatforms) = preSolution
		Debug|Any CPU = Debug|Any CPU
		Release|Any CPU = Release|Any CPU
	EndGlobalSection
	GlobalSection(ProjectConfigurationPlatforms) = postSolution
		{DD7A4A2C-4964-486E-953F-3B5609530A77}.Debug|Any CPU.ActiveCfg = Debug|Any CPU
		{DD7A4A2C-4964-486E-953F-3B5609530A77}.Debug|Any CPU.Build.0 = Debug|Any CPU
		{DD7A4A2C-4964-486E-953F-3B5609530A77}.Release|Any CPU.ActiveCfg = Release|Any CPU
		{DD7A4A2C-4964-486E-953F-3B5609530A77}.Release|Any CPU.Build.0 = Release|Any CPU
	EndGlobalSection
	GlobalSection(SolutionProperties) = preSolution
		HideSolutionNode = FALSE
	EndGlobalSection
	GlobalSection(ExtensibilityGlobals) = postSolution
		SolutionGuid = {AA0F69AF-B39D-4EC1-A739-DC4C075840F7}
	EndGlobalSection
EndGlobal
